<?xml version="1.0" encoding="utf-8"?>
<Project ToolsVersion="4.0" xmlns="http://schemas.microsoft.com/developer/msbuild/2003">
  <ItemGroup>
    <Filter Include="Source Files">
      <UniqueIdentifier>{4FC737F1-C7A5-4376-A066-2A32D752A2FF}</UniqueIdentifier>
      <Extensions>cpp;c;cc;cxx;c++;cppm;ixx;def;odl;idl;hpj;bat;asm;asmx</Extensions>
    </Filter>
    <Filter Include="Header Files">
      <UniqueIdentifier>{93995380-89BD-4b04-88EB-625FBE52EBFB}</UniqueIdentifier>
      <Extensions>h;hh;hpp;hxx;h++;hm;inl;inc;ipp;xsd</Extensions>
    </Filter>
    <Filter Include="Resource Files">
      <UniqueIdentifier>{67DA6AB6-F800-4c08-8B7A-83BB121AAD01}</UniqueIdentifier>
      <Extensions>rc;ico;cur;bmp;dlg;rc2;rct;bin;rgs;gif;jpg;jpeg;jpe;resx;tiff;tif;png;wav;mfcribbon-ms</Extensions>
    </Filter>
    <Filter Include="Header Files\miniaudio">
      <UniqueIdentifier>{068d1abf-d742-435b-a11f-ca1614b1197f}</UniqueIdentifier>
    </Filter>
    <Filter Include="Header Files\miniaudio\extras">
      <UniqueIdentifier>{a2dac974-5ed3-41b9-9c16-2f0c104613d3}</UniqueIdentifier>
    </Filter>
    <Filter Include="Header Files\miniaudio\extras\miniaudio_split">
      <UniqueIdentifier>{3b6133a2-38fa-4126-b085-a6419e700e5a}</UniqueIdentifier>
    </Filter>
    <Filter Include="Source Files\miniaudio">
      <UniqueIdentifier>{326d5368-c1b6-45b4-b65f-74137be1cfc2}</UniqueIdentifier>
    </Filter>
    <Filter Include="Source Files\miniaudio\extras">
      <UniqueIdentifier>{d5d61bcc-7c68-4d99-9dc7-6a2e5053b778}</UniqueIdentifier>
    </Filter>
    <Filter Include="Source Files\miniaudio\extras\miniaudio_split">
      <UniqueIdentifier>{656e94f5-d5a6-488d-ae36-714b17af1b9f}</UniqueIdentifier>
    </Filter>
    <Filter Include="Header Files\ImGuiFileDialog">
      <UniqueIdentifier>{7e5a918e-91e2-4f5b-a33b-574bbb731aa4}</UniqueIdentifier>
    </Filter>
    <Filter Include="Source Files\ImGuiFileDialog">
      <UniqueIdentifier>{be5d014e-4fde-436a-952f-a6846b54132b}</UniqueIdentifier>
    </Filter>
    <Filter Include="Header Files\Scheduler">
      <UniqueIdentifier>{252ae735-16eb-43fc-b9b9-2a0ce928c9a1}</UniqueIdentifier>
    </Filter>
  </ItemGroup>
  <ItemGroup>
    <ClInclude Include="Logging.h">
      <Filter>Header Files</Filter>
    </ClInclude>
    <ClInclude Include="resource.h">
      <Filter>Header Files</Filter>
    </ClInclude>
    <ClInclude Include="SquadTracker.h">
      <Filter>Header Files</Filter>
    </ClInclude>
    <ClInclude Include="Globals.h">
      <Filter>Header Files</Filter>
    </ClInclude>
    <ClInclude Include="Audio.h">
      <Filter>Header Files</Filter>
    </ClInclude>
    <ClInclude Include="SettingsUI.h">
      <Filter>Header Files</Filter>
    </ClInclude>
    <ClInclude Include="Settings.h">
      <Filter>Header Files</Filter>
    </ClInclude>
    <ClInclude Include="..\modules\miniaudio\extras\miniaudio_split\miniaudio.h">
      <Filter>Header Files\miniaudio\extras\miniaudio_split</Filter>
    </ClInclude>
    <ClInclude Include="..\modules\ImGuiFileDialog\ImGuiFileDialog.h">
      <Filter>Header Files\ImGuiFileDialog</Filter>
    </ClInclude>
    <ClInclude Include="..\modules\ImGuiFileDialog\ImGuiFileDialogConfig.h">
      <Filter>Header Files\ImGuiFileDialog</Filter>
    </ClInclude>
    <ClInclude Include="..\modules\ImGuiFileDialog\stb\stb_image.h">
      <Filter>Header Files\ImGuiFileDialog</Filter>
    </ClInclude>
    <ClInclude Include="..\modules\ImGuiFileDialog\stb\stb_image_resize.h">
      <Filter>Header Files\ImGuiFileDialog</Filter>
    </ClInclude>
    <ClInclude Include="..\modules\ImGuiFileDialog\dirent\dirent.h">
      <Filter>Header Files\ImGuiFileDialog</Filter>
    </ClInclude>
    <ClInclude Include="Error.h">
      <Filter>Header Files</Filter>
    </ClInclude>
    <ClInclude Include="..\modules\Scheduler\Cron.h">
      <Filter>Header Files\Scheduler</Filter>
    </ClInclude>
    <ClInclude Include="..\modules\Scheduler\InterruptableSleep.h">
      <Filter>Header Files\Scheduler</Filter>
    </ClInclude>
    <ClInclude Include="..\modules\Scheduler\Scheduler.h">
      <Filter>Header Files\Scheduler</Filter>
    </ClInclude>
  </ItemGroup>
  <ItemGroup>
    <ClCompile Include="dllmain.cpp">
      <Filter>Source Files</Filter>
    </ClCompile>
    <ClCompile Include="Logging.cpp">
      <Filter>Source Files</Filter>
    </ClCompile>
    <ClCompile Include="SquadTracker.cpp">
      <Filter>Source Files</Filter>
    </ClCompile>
    <ClCompile Include="Audio.cpp">
      <Filter>Source Files</Filter>
    </ClCompile>
    <ClCompile Include="Globals.cpp">
      <Filter>Source Files</Filter>
    </ClCompile>
    <ClCompile Include="SettingsUI.cpp">
      <Filter>Source Files</Filter>
    </ClCompile>
    <ClCompile Include="Settings.cpp">
      <Filter>Source Files</Filter>
    </ClCompile>
    <ClCompile Include="..\modules\miniaudio\extras\miniaudio_split\miniaudio.c">
      <Filter>Source Files\miniaudio\extras\miniaudio_split</Filter>
    </ClCompile>
    <ClCompile Include="..\modules\ImGuiFileDialog\ImGuiFileDialog.cpp">
      <Filter>Source Files\ImGuiFileDialog</Filter>
    </ClCompile>
  </ItemGroup>
  <ItemGroup>
    <ResourceCompile Include="arcdps-squad-ready-plugin.rc">
      <Filter>Resource Files</Filter>
    </ResourceCompile>
  </ItemGroup>
  <ItemGroup>
    <Media Include="sounds\ready_check.wav">
      <Filter>Resource Files</Filter>
    </Media>
    <Media Include="sounds\squad_ready.wav">
      <Filter>Resource Files</Filter>
    </Media>
  </ItemGroup>
</Project>